// !$*UTF8*$!
{
	archiveVersion = 1;
	classes = {
	};
	objectVersion = 46;
	objects = {

/* Begin PBXBuildFile section */
		A10000000000000000000001 /* AppDelegate.swift in Sources */ = {isa = PBXBuildFile; fileRef = B10000000000000000000001 /* AppDelegate.swift */; };
		A10000000000000000000002 /* Assets.xcassets in Resources */ = {isa = PBXBuildFile; fileRef = B10000000000000000000002 /* Assets.xcassets */; };
		A10000000000000000000003 /* Localizable.strings in Resources */ = {isa = PBXBuildFile; fileRef = B10000000000000000000003 /* Localizable.strings */; };
		A10000000000000000000004 /* SwitchCell.xib in Resources */ = {isa = PBXBuildFile; fileRef = B10000000000000000000004 /* SwitchCell.xib */; };
		A10000000000000000000005 /* config.json in Resources */ = {isa = PBXBuildFile; fileRef = B10000000000000000000005 /* config.json */; };
		A10000000000000000000006 /* UIKit.framework in Frameworks */ = {isa = PBXBuildFile; fileRef = B10000000000000000000006 /* UIKit.framework */; };
		A10000000000000000000007 /* SnapKit in Frameworks */ = {isa = PBXBuildFile; productRef = C10000000000000000000001 /* SnapKit */; };
		A10000000000000000000008 /* MiniAppTests.swift in Sources */ = {isa = PBXBuildFile; fileRef = B10000000000000000000008 /* MiniAppTests.swift */; };
/* End PBXBuildFile section */

/* Begin PBXFileReference section */
		B10000000000000000000001 /* AppDelegate.swift */ = {isa = PBXFileReference; lastKnownFileType = sourcecode.swift; path = AppDelegate.swift; sourceTree = "<group>"; };
		B10000000000000000000002 /* Assets.xcassets */ = {isa = PBXFileReference; lastKnownFileType = folder.assetcatalog; path = Assets.xcassets; sourceTree = "<group>"; };
		B10000000000000000000003 /* Localizable.strings */ = {isa = PBXFileReference; lastKnownFileType = text.plist.strings; name = Localizable.strings; path = en.lproj/Localizable.strings; sourceTree = "<group>"; };
		B10000000000000000000004 /* SwitchCell.xib */ = {isa = PBXFileReference; lastKnownFileType = file.xib; path = SwitchCell.xib; sourceTree = "<group>"; };
		B10000000000000000000005 /* config.json */ = {isa = PBXFileReference; lastKnownFileType = text.json; path = config.json; sourceTree = "<group>"; };
		B10000000000000000000006 /* UIKit.framework */ = {isa = PBXFileReference; lastKnownFileType = wrapper.framework; name = UIKit.framework; path = System/Library/Frameworks/UIKit.framework; sourceTree = SDKROOT; };
		B10000000000000000000007 /* MiniApp.app */ = {isa = PBXFileReference; explicitFileType = wrapper.application; includeInIndex = 0; path = MiniApp.app; sourceTree = BUILT_PRODUCTS_DIR; };
		B10000000000000000000008 /* MiniAppTests.swift */ = {isa = PBXFileReference; lastKnownFileType = sourcecode.swift; path = MiniAppTests.swift; sourceTree = "<group>"; };
		B10000000000000000000009 /* MiniAppTests.xctest */ = {isa = PBXFileReference; explicitFileType = wrapper.cfbundle; includeInIndex = 0; path = MiniAppTests.xctest; sourceTree = BUILT_PRODUCTS_DIR; };
		B1000000000000000000000A /* Info.plist */ = {isa = PBXFileReference; lastKnownFileType = text.plist.xml; path = Info.plist; sourceTree = "<group>"; };
/* End PBXFileReference section */

/* Begin PBXFrameworksBuildPhase section */
		D10000000000000000000001 /* Frameworks */ = {
			isa = PBXFrameworksBuildPhase;
			buildActionMask = 2147483647;
			files = (
				A10000000000000000000006 /* UIKit.framework in Frameworks */,
				A10000000000000000000007 /* SnapKit in Frameworks */,
			);
			runOnlyForDeploymentPostprocessing = 0;
		};
		D10000000000000000000011 /* Frameworks */ = {
			isa = PBXFrameworksBuildPhase;
			buildActionMask = 2147483647;
			files = (
			);
			runOnlyForDeploymentPostprocessing = 0;
		};
/* End PBXFrameworksBuildPhase section */

/* Begin PBXGroup section */
		E10000000000000000000001 = {
			isa = PBXGroup;
			children = (
				E10000000000000000000002 /* MiniApp */,
				E10000000000000000000003 /* MiniAppTests */,
				E10000000000000000000004 /* Products */,
			);
			sourceTree = "<group>";
		};
		E10000000000000000000002 /* MiniApp */ = {
			isa = PBXGroup;
			children = (
				B10000000000000000000001 /* AppDelegate.swift */,
				B10000000000000000000002 /* Assets.xcassets */,
				B10000000000000000000003 /* Localizable.strings */,
				B10000000000000000000004 /* SwitchCell.xib */,
				B10000000000000000000005 /* config.json */,
				B1000000000000000000000A /* Info.plist */,
			);
			path = MiniApp;
			sourceTree = "<group>";
		};
		E10000000000000000000003 /* MiniAppTests */ = {
			isa = PBXGroup;
			children = (
				B10000000000000000000008 /* MiniAppTests.swift */,
			);
			path = MiniAppTests;
			sourceTree = "<group>";
		};
		E10000000000000000000004 /* Products */ = {
			isa = PBXGroup;
			children = (
				B10000000000000000000007 /* MiniApp.app */,
				B10000000000000000000009 /* MiniAppTests.xctest */,
			);
			name = Products;
			sourceTree = "<group>";
		};
/* End PBXGroup section */

/* Begin PBXNativeTarget section */
		F10000000000000000000001 /* MiniApp */ = {
			isa = PBXNativeTarget;
			buildConfigurationList = G10000000000000000000002 /* Build configuration list for PBXNativeTarget "MiniApp" */;
			buildPhases = (
				D10000000000000000000002 /* Sources */,
				D10000000000000000000001 /* Frameworks */,
				D10000000000000000000003 /* Resources */,
			);
			buildRules = (
			);
			dependencies = (
			);
			name = MiniApp;
			packageProductDependencies = (
				C10000000000000000000001 /* SnapKit */,
			);
			productName = MiniApp;
			productReference = B10000000000000000000007 /* MiniApp.app */;
			productType = "com.apple.product-type.application";
		};
		F10000000000000000000002 /* MiniAppTests */ = {
			isa = PBXNativeTarget;
			buildConfigurationList = G10000000000000000000003 /* Build configuration list for PBXNativeTarget "MiniAppTests" */;
			buildPhases = (
				D10000000000000000000012 /* Sources */,
				D10000000000000000000011 /* Frameworks */,
			);
			buildRules = (
			);
			dependencies = (
			);
			name = MiniAppTests;
			productName = MiniAppTests;
			productReference = B10000000000000000000009 /* MiniAppTests.xctest */;
			productType = "com.apple.product-type.bundle.unit-test";
		};
/* End PBXNativeTarget section */

/* Begin PBXProject section */
		F10000000000000000000000 /* Project object */ = {
			isa = PBXProject;
			attributes = {
				LastSwiftUpdateCheck = 1500;
				LastUpgradeCheck = 1500;
			};
			buildConfigurationList = G10000000000000000000001 /* Build configuration list for PBXProject "MiniApp" */;
			compatibilityVersion = "Xcode 3.2";
			developmentRegion = en;
			hasScannedForEncodings = 0;
			knownRegions = (
				en,
				Base,
			);
			mainGroup = E10000000000000000000001;
			packageReferences = (
				C10000000000000000000002 /* XCRemoteSwiftPackageReference "SnapKit" */,
			);
			projectDirPath = "";
			projectRoot = "";
			targets = (
				F10000000000000000000001 /* MiniApp */,
				F10000000000000000000002 /* MiniAppTests */,
			);
		};
/* End PBXProject section */

/* Begin PBXResourcesBuildPhase section */
		D10000000000000000000003 /* Resources */ = {
			isa = PBXResourcesBuildPhase;
			buildActionMask = 2147483647;
			files = (
				A10000000000000000000002 /* Assets.xcassets in Resources */,
				A10000000000000000000003 /* Localizable.strings in Resources */,
				A10000000000000000000004 /* SwitchCell.xib in Resources */,
				A10000000000000000000005 /* config.json in Resources */,
			);
			runOnlyForDeploymentPostprocessing = 0;
		};
/* End PBXResourcesBuildPhase section */

/* Begin PBXSourcesBuildPhase section */
		D10000000000000000000002 /* Sources */ = {
			isa = PBXSourcesBuildPhase;
			buildActionMask = 2147483647;
			files = (
				A10000000000000000000001 /* AppDelegate.swift in Sources */,
			);
			runOnlyForDeploymentPostprocessing = 0;
		};
		D10000000000000000000012 /* Sources */ = {
			isa = PBXSourcesBuildPhase;
			buildActionMask = 2147483647;
			files = (
				A10000000000000000000008 /* MiniAppTests.swift in Sources */,
			);
			runOnlyForDeploymentPostprocessing = 0;
		};
/* End PBXSourcesBuildPhase section */

/* Begin XCBuildConfiguration section */
		H10000000000000000000001 /* Debug */ = {
			isa = XCBuildConfiguration;
			buildSettings = {
				PRODUCT_NAME = "$(TARGET_NAME)";
			};
			name = Debug;
		};
		H10000000000000000000002 /* Debug */ = {
			isa = XCBuildConfiguration;
			buildSettings = {
				INFOPLIST_FILE = MiniApp/Info.plist;
				PRODUCT_BUNDLE_IDENTIFIER = com.openuikit.MiniApp;
				PRODUCT_NAME = MiniApp;
			};
			name = Debug;
		};
		H10000000000000000000003 /* Debug */ = {
			isa = XCBuildConfiguration;
			buildSettings = {
				PRODUCT_BUNDLE_IDENTIFIER = com.openuikit.MiniAppTests;
				PRODUCT_NAME = MiniAppTests;
			};
			name = Debug;
		};
/* End XCBuildConfiguration section */

/* Begin XCConfigurationList section */
		G10000000000000000000001 /* Build configuration list for PBXProject "MiniApp" */ = {
			isa = XCConfigurationList;
			buildConfigurations = (
				H10000000000000000000001 /* Debug */,
			);
			defaultConfigurationIsVisible = 0;
			defaultConfigurationName = Debug;
		};
		G10000000000000000000002 /* Build configuration list for PBXNativeTarget "MiniApp" */ = {
			isa = XCConfigurationList;
			buildConfigurations = (
				H10000000000000000000002 /* Debug */,
			);
			defaultConfigurationIsVisible = 0;
			defaultConfigurationName = Debug;
		};
		G10000000000000000000003 /* Build configuration list for PBXNativeTarget "MiniAppTests" */ = {
			isa = XCConfigurationList;
			buildConfigurations = (
				H10000000000000000000003 /* Debug */,
			);
			defaultConfigurationIsVisible = 0;
			defaultConfigurationName = Debug;
		};
/* End XCConfigurationList section */

/* Begin XCRemoteSwiftPackageReference section */
		C10000000000000000000002 /* XCRemoteSwiftPackageReference "SnapKit" */ = {
			isa = XCRemoteSwiftPackageReference;
			repositoryURL = "https://github.com/SnapKit/SnapKit.git";
			requirement = {
				kind = upToNextMajorVersion;
				minimumVersion = 5.0.0;
			};
		};
/* End XCRemoteSwiftPackageReference section */

/* Begin XCSwiftPackageProductDependency section */
		C10000000000000000000001 /* SnapKit */ = {
			isa = XCSwiftPackageProductDependency;
			package = C10000000000000000000002 /* XCRemoteSwiftPackageReference "SnapKit" */;
			productName = SnapKit;
		};
/* End XCSwiftPackageProductDependency section */
	};
	rootObject = F10000000000000000000000 /* Project object */;
}
